
Microsoft Visual Studio Solution File, Format Version 12.00
# Visual Studio Version 17
VisualStudioVersion = 17.5.002.0
MinimumVisualStudioVersion = 10.0.40219.1
Project("{9A19103F-16F7-4668-BE54-9A1E7A4F7556}") = "TestProject", "TestProject\TestProject.csproj", "{1CC5C88D-CCDE-4B6C-B29C-3A087DD7CB2E}"
EndProject
Global
	GlobalSection(SolutionConfigurationPlatforms) = preSolution
		Debug|Any CPU = Debug|Any CPU
		Release|Any CPU = Release|Any CPU
	EndGlobalSection
	GlobalSection(ProjectConfigurationPlatforms) = postSolution
		{1CC5C88D-CCDE-4B6C-B29C-3A087DD7CB2E}.Debug|Any CPU.ActiveCfg = Debug|Any CPU
		{1CC5C88D-CCDE-4B6C-B29C-3A087DD7CB2E}.Debug|Any CPU.Build.0 = Debug|Any CPU
		{1CC5C88D-CCDE-4B6C-B29C-3A087DD7CB2E}.Release|Any CPU.ActiveCfg = Release|Any CPU
		{1CC5C88D-CCDE-4B6C-B29C-3A087DD7CB2E}.Release|Any CPU.Build.0 = Release|Any CPU
	EndGlobalSection
	GlobalSection(SolutionProperties) = preSolution
		HideSolutionNode = FALSE
	EndGlobalSection
	GlobalSection(ExtensibilityGlobals) = postSolution
		SolutionGuid = {6A64AC45-C707-429A-8F6C-B6CD805D8901}
	EndGlobalSection
EndGlobal
